
Microsoft Visual Studio Solution File, Format Version 12.00
# Visual Studio Version 17
VisualStudioVersion = 17.5.33627.172
MinimumVisualStudioVersion = 10.0.40219.1
Project("{FAE04EC0-301F-11D3-BF4B-00C04F79EFBC}") = "TrapBrowserEvents", "TrapBrowserEvents.csproj", "{B6F29860-14A4-45CD-B15F-EF16906620FB}"
EndProject
Global
	GlobalSection(SolutionConfigurationPlatforms) = preSolution
		Debug|Any CPU = Debug|Any CPU
		Release|Any CPU = Release|Any CPU
	EndGlobalSection
	GlobalSection(ProjectConfigurationPlatforms) = postSolution
		{B6F29860-14A4-45CD-B15F-EF16906620FB}.Debug|Any CPU.ActiveCfg = Debug|Any CPU
		{B6F29860-14A4-45CD-B15F-EF16906620FB}.Debug|Any CPU.Build.0 = Debug|Any CPU
		{B6F29860-14A4-45CD-B15F-EF16906620FB}.Release|Any CPU.ActiveCfg = Release|Any CPU
		{B6F29860-14A4-45CD-B15F-EF16906620FB}.Release|Any CPU.Build.0 = Release|Any CPU
	EndGlobalSection
	GlobalSection(SolutionProperties) = preSolution
		HideSolutionNode = FALSE
	EndGlobalSection
	GlobalSection(ExtensibilityGlobals) = postSolution
		SolutionGuid = {EA38DAAE-CA4B-40F8-8622-9B1D57615AB4}
	EndGlobalSection
EndGlobal
